
Microsoft Visual Studio Solution File, Format Version 12.00
Project("{FAE04EC0-301F-11D3-BF4B-00C04F79EFBC}") = "Tutorial3_Task", "Tutorial3_Task\Tutorial3_Task.csproj", "{73DCBD79-B9F2-47D1-B24D-42289986820D}"
EndProject
Project("{FAE04EC0-301F-11D3-BF4B-00C04F79EFBC}") = "DeviceManager.Tests", "DeviceManager.Tests\DeviceManager.Tests.csproj", "{02B2B10B-48BB-40AB-BD1F-EC4753A70625}"
EndProject
Global
	GlobalSection(SolutionConfigurationPlatforms) = preSolution
		Debug|Any CPU = Debug|Any CPU
		Release|Any CPU = Release|Any CPU
	EndGlobalSection
	GlobalSection(ProjectConfigurationPlatforms) = postSolution
		{73DCBD79-B9F2-47D1-B24D-42289986820D}.Debug|Any CPU.ActiveCfg = Debug|Any CPU
		{73DCBD79-B9F2-47D1-B24D-42289986820D}.Debug|Any CPU.Build.0 = Debug|Any CPU
		{73DCBD79-B9F2-47D1-B24D-42289986820D}.Release|Any CPU.ActiveCfg = Release|Any CPU
		{73DCBD79-B9F2-47D1-B24D-42289986820D}.Release|Any CPU.Build.0 = Release|Any CPU
		{02B2B10B-48BB-40AB-BD1F-EC4753A70625}.Debug|Any CPU.ActiveCfg = Debug|Any CPU
		{02B2B10B-48BB-40AB-BD1F-EC4753A70625}.Debug|Any CPU.Build.0 = Debug|Any CPU
		{02B2B10B-48BB-40AB-BD1F-EC4753A70625}.Release|Any CPU.ActiveCfg = Release|Any CPU
		{02B2B10B-48BB-40AB-BD1F-EC4753A70625}.Release|Any CPU.Build.0 = Release|Any CPU
	EndGlobalSection
EndGlobal
